
Microsoft Visual Studio Solution File, Format Version 12.00
# Visual Studio 15
VisualStudioVersion = 15.0.27703.2042
MinimumVisualStudioVersion = 10.0.40219.1
Project("{FAE04EC0-301F-11D3-BF4B-00C04F79EFBC}") = "ZdrojDatProNunit", "ZdrojDatProNunit\ZdrojDatProNunit.csproj", "{E06EE854-E4CA-4D7B-8CD7-1B2463516D16}"
EndProject
Project("{FAE04EC0-301F-11D3-BF4B-00C04F79EFBC}") = "MyNUnitTest", "MyNUnitTest\MyNUnitTest.csproj", "{5B7FD524-F1F2-4519-BF1E-1EC343496383}"
EndProject
Global
	GlobalSection(SolutionConfigurationPlatforms) = preSolution
		Debug|Any CPU = Debug|Any CPU
		Release|Any CPU = Release|Any CPU
	EndGlobalSection
	GlobalSection(ProjectConfigurationPlatforms) = postSolution
		{E06EE854-E4CA-4D7B-8CD7-1B2463516D16}.Debug|Any CPU.ActiveCfg = Debug|Any CPU
		{E06EE854-E4CA-4D7B-8CD7-1B2463516D16}.Debug|Any CPU.Build.0 = Debug|Any CPU
		{E06EE854-E4CA-4D7B-8CD7-1B2463516D16}.Release|Any CPU.ActiveCfg = Release|Any CPU
		{E06EE854-E4CA-4D7B-8CD7-1B2463516D16}.Release|Any CPU.Build.0 = Release|Any CPU
		{5B7FD524-F1F2-4519-BF1E-1EC343496383}.Debug|Any CPU.ActiveCfg = Debug|Any CPU
		{5B7FD524-F1F2-4519-BF1E-1EC343496383}.Debug|Any CPU.Build.0 = Debug|Any CPU
		{5B7FD524-F1F2-4519-BF1E-1EC343496383}.Release|Any CPU.ActiveCfg = Release|Any CPU
		{5B7FD524-F1F2-4519-BF1E-1EC343496383}.Release|Any CPU.Build.0 = Release|Any CPU
	EndGlobalSection
	GlobalSection(SolutionProperties) = preSolution
		HideSolutionNode = FALSE
	EndGlobalSection
	GlobalSection(ExtensibilityGlobals) = postSolution
		SolutionGuid = {58920E1D-368E-4A16-9EEE-377277877B2B}
	EndGlobalSection
EndGlobal
