
Microsoft Visual Studio Solution File, Format Version 12.00
# Visual Studio 15
VisualStudioVersion = 15.0.27703.2035
MinimumVisualStudioVersion = 10.0.40219.1
Project("{FAE04EC0-301F-11D3-BF4B-00C04F79EFBC}") = "MultipleInherritance", "MultipleInherritance\MultipleInherritance.csproj", "{7C2DA508-8FEE-4F4C-872E-3BB02991F815}"
EndProject
Global
	GlobalSection(SolutionConfigurationPlatforms) = preSolution
		Debug|Any CPU = Debug|Any CPU
		Release|Any CPU = Release|Any CPU
	EndGlobalSection
	GlobalSection(ProjectConfigurationPlatforms) = postSolution
		{7C2DA508-8FEE-4F4C-872E-3BB02991F815}.Debug|Any CPU.ActiveCfg = Debug|Any CPU
		{7C2DA508-8FEE-4F4C-872E-3BB02991F815}.Debug|Any CPU.Build.0 = Debug|Any CPU
		{7C2DA508-8FEE-4F4C-872E-3BB02991F815}.Release|Any CPU.ActiveCfg = Release|Any CPU
		{7C2DA508-8FEE-4F4C-872E-3BB02991F815}.Release|Any CPU.Build.0 = Release|Any CPU
	EndGlobalSection
	GlobalSection(SolutionProperties) = preSolution
		HideSolutionNode = FALSE
	EndGlobalSection
	GlobalSection(ExtensibilityGlobals) = postSolution
		SolutionGuid = {18E17A74-4F07-4999-A9F5-6FD97231B930}
	EndGlobalSection
EndGlobal
